
Microsoft Visual Studio Solution File, Format Version 12.00
# Visual Studio 15
VisualStudioVersion = 15.0.27004.2002
MinimumVisualStudioVersion = 10.0.40219.1
Project("{FAE04EC0-301F-11D3-BF4B-00C04F79EFBC}") = "Laboratorio Final", "Laboratorio Final\Laboratorio Final.csproj", "{33618242-CA74-4500-8FFA-AF1B02B9457D}"
EndProject
Global
	GlobalSection(SolutionConfigurationPlatforms) = preSolution
		Debug|Any CPU = Debug|Any CPU
		Release|Any CPU = Release|Any CPU
	EndGlobalSection
	GlobalSection(ProjectConfigurationPlatforms) = postSolution
		{33618242-CA74-4500-8FFA-AF1B02B9457D}.Debug|Any CPU.ActiveCfg = Debug|Any CPU
		{33618242-CA74-4500-8FFA-AF1B02B9457D}.Debug|Any CPU.Build.0 = Debug|Any CPU
		{33618242-CA74-4500-8FFA-AF1B02B9457D}.Release|Any CPU.ActiveCfg = Release|Any CPU
		{33618242-CA74-4500-8FFA-AF1B02B9457D}.Release|Any CPU.Build.0 = Release|Any CPU
	EndGlobalSection
	GlobalSection(SolutionProperties) = preSolution
		HideSolutionNode = FALSE
	EndGlobalSection
	GlobalSection(ExtensibilityGlobals) = postSolution
		SolutionGuid = {A6AAAA38-73EC-4090-ABC2-DD4AFD191B27}
	EndGlobalSection
EndGlobal
